// !$*UTF8*$!
{
	archiveVersion = 1;
	classes = {
	};
	objectVersion = 77;
	objects = {

/* Begin PBXContainerItemProxy section */
		B06DA9C52DC77B5E00C7577F /* PBXContainerItemProxy */ = {
			isa = PBXContainerItemProxy;
			containerPortal = B06DA9AF2DC77B5C00C7577F /* Project object */;
			proxyType = 1;
			remoteGlobalIDString = B06DA9B62DC77B5C00C7577F;
			remoteInfo = SimpleRecipeApp;
		};
		B06DA9CF2DC77B5E00C7577F /* PBXContainerItemProxy */ = {
			isa = PBXContainerItemProxy;
			containerPortal = B06DA9AF2DC77B5C00C7577F /* Project object */;
			proxyType = 1;
			remoteGlobalIDString = B06DA9B62DC77B5C00C7577F;
			remoteInfo = SimpleRecipeApp;
		};
/* End PBXContainerItemProxy section */

/* Begin PBXFileReference section */
		B06DA9B72DC77B5C00C7577F /* SimpleRecipeApp.app */ = {isa = PBXFileReference; explicitFileType = wrapper.application; includeInIndex = 0; path = SimpleRecipeApp.app; sourceTree = BUILT_PRODUCTS_DIR; };
		B06DA9C42DC77B5E00C7577F /* SimpleRecipeAppTests.xctest */ = {isa = PBXFileReference; explicitFileType = wrapper.cfbundle; includeInIndex = 0; path = SimpleRecipeAppTests.xctest; sourceTree = BUILT_PRODUCTS_DIR; };
		B06DA9CE2DC77B5E00C7577F /* SimpleRecipeAppUITests.xctest */ = {isa = PBXFileReference; explicitFileType = wrapper.cfbundle; includeInIndex = 0; path = SimpleRecipeAppUITests.xctest; sourceTree = BUILT_PRODUCTS_DIR; };
/* End PBXFileReference section */

/* Begin PBXFileSystemSynchronizedRootGroup section */
		B06DA9B92DC77B5C00C7577F /* SimpleRecipeApp */ = {
			isa = PBXFileSystemSynchronizedRootGroup;
			path = SimpleRecipeApp;
			sourceTree = "<group>";
		};
		B06DA9C72DC77B5E00C7577F /* SimpleRecipeAppTests */ = {
			isa = PBXFileSystemSynchronizedRootGroup;
			path = SimpleRecipeAppTests;
			sourceTree = "<group>";
		};
		B06DA9D12DC77B5E00C7577F /* SimpleRecipeAppUITests */ = {
			isa = PBXFileSystemSynchronizedRootGroup;
			path = SimpleRecipeAppUITests;
			sourceTree = "<group>";
		};
/* End PBXFileSystemSynchronizedRootGroup section */

/* Begin PBXFrameworksBuildPhase section */
		B06DA9B42DC77B5C00C7577F /* Frameworks */ = {
			isa = PBXFrameworksBuildPhase;
			buildActionMask = 2147483647;
			files = (
			);
			runOnlyForDeploymentPostprocessing = 0;
		};
		B06DA9C12DC77B5E00C7577F /* Frameworks */ = {
			isa = PBXFrameworksBuildPhase;
			buildActionMask = 2147483647;
			files = (
			);
			runOnlyForDeploymentPostprocessing = 0;
		};
		B06DA9CB2DC77B5E00C7577F /* Frameworks */ = {
			isa = PBXFrameworksBuildPhase;
			buildActionMask = 2147483647;
			files = (
			);
			runOnlyForDeploymentPostprocessing = 0;
		};
/* End PBXFrameworksBuildPhase section */

/* Begin PBXGroup section */
		B06DA9AE2DC77B5C00C7577F = {
			isa = PBXGroup;
			children = (
				B06DA9B92DC77B5C00C7577F /* SimpleRecipeApp */,
				B06DA9C72DC77B5E00C7577F /* SimpleRecipeAppTests */,
				B06DA9D12DC77B5E00C7577F /* SimpleRecipeAppUITests */,
				B06DA9B82DC77B5C00C7577F /* Products */,
			);
			sourceTree = "<group>";
		};
		B06DA9B82DC77B5C00C7577F /* Products */ = {
			isa = PBXGroup;
			children = (
				B06DA9B72DC77B5C00C7577F /* SimpleRecipeApp.app */,
				B06DA9C42DC77B5E00C7577F /* SimpleRecipeAppTests.xctest */,
				B06DA9CE2DC77B5E00C7577F /* SimpleRecipeAppUITests.xctest */,
			);
			name = Products;
			sourceTree = "<group>";
		};
/* End PBXGroup section */

/* Begin PBXNativeTarget section */
		B06DA9B62DC77B5C00C7577F /* SimpleRecipeApp */ = {
			isa = PBXNativeTarget;
			buildConfigurationList = B06DA9D82DC77B5E00C7577F /* Build configuration list for PBXNativeTarget "SimpleRecipeApp" */;
			buildPhases = (
				B06DA9B32DC77B5C00C7577F /* Sources */,
				B06DA9B42DC77B5C00C7577F /* Frameworks */,
				B06DA9B52DC77B5C00C7577F /* Resources */,
			);
			buildRules = (
			);
			dependencies = (
			);
			fileSystemSynchronizedGroups = (
				B06DA9B92DC77B5C00C7577F /* SimpleRecipeApp */,
			);
			name = SimpleRecipeApp;
			packageProductDependencies = (
			);
			productName = SimpleRecipeApp;
			productReference = B06DA9B72DC77B5C00C7577F /* SimpleRecipeApp.app */;
			productType = "com.apple.product-type.application";
		};
		B06DA9C32DC77B5E00C7577F /* SimpleRecipeAppTests */ = {
			isa = PBXNativeTarget;
			buildConfigurationList = B06DA9DB2DC77B5E00C7577F /* Build configuration list for PBXNativeTarget "SimpleRecipeAppTests" */;
			buildPhases = (
				B06DA9C02DC77B5E00C7577F /* Sources */,
				B06DA9C12DC77B5E00C7577F /* Frameworks */,
				B06DA9C22DC77B5E00C7577F /* Resources */,
			);
			buildRules = (
			);
			dependencies = (
				B06DA9C62DC77B5E00C7577F /* PBXTargetDependency */,
			);
			fileSystemSynchronizedGroups = (
				B06DA9C72DC77B5E00C7577F /* SimpleRecipeAppTests */,
			);
			name = SimpleRecipeAppTests;
			packageProductDependencies = (
			);
			productName = SimpleRecipeAppTests;
			productReference = B06DA9C42DC77B5E00C7577F /* SimpleRecipeAppTests.xctest */;
			productType = "com.apple.product-type.bundle.unit-test";
		};
		B06DA9CD2DC77B5E00C7577F /* SimpleRecipeAppUITests */ = {
			isa = PBXNativeTarget;
			buildConfigurationList = B06DA9DE2DC77B5E00C7577F /* Build configuration list for PBXNativeTarget "SimpleRecipeAppUITests" */;
			buildPhases = (
				B06DA9CA2DC77B5E00C7577F /* Sources */,
				B06DA9CB2DC77B5E00C7577F /* Frameworks */,
				B06DA9CC2DC77B5E00C7577F /* Resources */,
			);
			buildRules = (
			);
			dependencies = (
				B06DA9D02DC77B5E00C7577F /* PBXTargetDependency */,
			);
			fileSystemSynchronizedGroups = (
				B06DA9D12DC77B5E00C7577F /* SimpleRecipeAppUITests */,
			);
			name = SimpleRecipeAppUITests;
			packageProductDependencies = (
			);
			productName = SimpleRecipeAppUITests;
			productReference = B06DA9CE2DC77B5E00C7577F /* SimpleRecipeAppUITests.xctest */;
			productType = "com.apple.product-type.bundle.ui-testing";
		};
/* End PBXNativeTarget section */

/* Begin PBXProject section */
		B06DA9AF2DC77B5C00C7577F /* Project object */ = {
			isa = PBXProject;
			attributes = {
				BuildIndependentTargetsInParallel = 1;
				LastSwiftUpdateCheck = 1630;
				LastUpgradeCheck = 1630;
				TargetAttributes = {
					B06DA9B62DC77B5C00C7577F = {
						CreatedOnToolsVersion = 16.3;
					};
					B06DA9C32DC77B5E00C7577F = {
						CreatedOnToolsVersion = 16.3;
						TestTargetID = B06DA9B62DC77B5C00C7577F;
					};
					B06DA9CD2DC77B5E00C7577F = {
						CreatedOnToolsVersion = 16.3;
						TestTargetID = B06DA9B62DC77B5C00C7577F;
					};
				};
			};
			buildConfigurationList = B06DA9B22DC77B5C00C7577F /* Build configuration list for PBXProject "SimpleRecipeApp" */;
			developmentRegion = en;
			hasScannedForEncodings = 0;
			knownRegions = (
				en,
				Base,
			);
			mainGroup = B06DA9AE2DC77B5C00C7577F;
			minimizedProjectReferenceProxies = 1;
			preferredProjectObjectVersion = 77;
			productRefGroup = B06DA9B82DC77B5C00C7577F /* Products */;
			projectDirPath = "";
			projectRoot = "";
			targets = (
				B06DA9B62DC77B5C00C7577F /* SimpleRecipeApp */,
				B06DA9C32DC77B5E00C7577F /* SimpleRecipeAppTests */,
				B06DA9CD2DC77B5E00C7577F /* SimpleRecipeAppUITests */,
			);
		};
/* End PBXProject section */

/* Begin PBXResourcesBuildPhase section */
		B06DA9B52DC77B5C00C7577F /* Resources */ = {
			isa = PBXResourcesBuildPhase;
			buildActionMask = 2147483647;
			files = (
			);
			runOnlyForDeploymentPostprocessing = 0;
		};
		B06DA9C22DC77B5E00C7577F /* Resources */ = {
			isa = PBXResourcesBuildPhase;
			buildActionMask = 2147483647;
			files = (
			);
			runOnlyForDeploymentPostprocessing = 0;
		};
		B06DA9CC2DC77B5E00C7577F /* Resources */ = {
			isa = PBXResourcesBuildPhase;
			buildActionMask = 2147483647;
			files = (
			);
			runOnlyForDeploymentPostprocessing = 0;
		};
/* End PBXResourcesBuildPhase section */

/* Begin PBXSourcesBuildPhase section */
		B06DA9B32DC77B5C00C7577F /* Sources */ = {
			isa = PBXSourcesBuildPhase;
			buildActionMask = 2147483647;
			files = (
			);
			runOnlyForDeploymentPostprocessing = 0;
		};
		B06DA9C02DC77B5E00C7577F /* Sources */ = {
			isa = PBXSourcesBuildPhase;
			buildActionMask = 2147483647;
			files = (
			);
			runOnlyForDeploymentPostprocessing = 0;
		};
		B06DA9CA2DC77B5E00C7577F /* Sources */ = {
			isa = PBXSourcesBuildPhase;
			buildActionMask = 2147483647;
			files = (
			);
			runOnlyForDeploymentPostprocessing = 0;
		};
/* End PBXSourcesBuildPhase section */

/* Begin PBXTargetDependency section */
		B06DA9C62DC77B5E00C7577F /* PBXTargetDependency */ = {
			isa = PBXTargetDependency;
			target = B06DA9B62DC77B5C00C7577F /* SimpleRecipeApp */;
			targetProxy = B06DA9C52DC77B5E00C7577F /* PBXContainerItemProxy */;
		};
		B06DA9D02DC77B5E00C7577F /* PBXTargetDependency */ = {
			isa = PBXTargetDependency;
			target = B06DA9B62DC77B5C00C7577F /* SimpleRecipeApp */;
			targetProxy = B06DA9CF2DC77B5E00C7577F /* PBXContainerItemProxy */;
		};
/* End PBXTargetDependency section */

/* Begin XCBuildConfiguration section */
		B06DA9D62DC77B5E00C7577F /* Debug */ = {
			isa = XCBuildConfiguration;
			buildSettings = {
				ALWAYS_SEARCH_USER_PATHS = NO;
				ASSETCATALOG_COMPILER_GENERATE_SWIFT_ASSET_SYMBOL_EXTENSIONS = YES;
				CLANG_ANALYZER_NONNULL = YES;
				CLANG_ANALYZER_NUMBER_OBJECT_CONVERSION = YES_AGGRESSIVE;
				CLANG_CXX_LANGUAGE_STANDARD = "gnu++20";
				CLANG_ENABLE_MODULES = YES;
				CLANG_ENABLE_OBJC_ARC = YES;
				CLANG_ENABLE_OBJC_WEAK = YES;
				CLANG_WARN_BLOCK_CAPTURE_AUTORELEASING = YES;
				CLANG_WARN_BOOL_CONVERSION = YES;
				CLANG_WARN_COMMA = YES;
				CLANG_WARN_CONSTANT_CONVERSION = YES;
				CLANG_WARN_DEPRECATED_OBJC_IMPLEMENTATIONS = YES;
				CLANG_WARN_DIRECT_OBJC_ISA_USAGE = YES_ERROR;
				CLANG_WARN_DOCUMENTATION_COMMENTS = YES;
				CLANG_WARN_EMPTY_BODY = YES;
				CLANG_WARN_ENUM_CONVERSION = YES;
				CLANG_WARN_INFINITE_RECURSION = YES;
				CLANG_WARN_INT_CONVERSION = YES;
				CLANG_WARN_NON_LITERAL_NULL_CONVERSION = YES;
				CLANG_WARN_OBJC_IMPLICIT_RETAIN_SELF = YES;
				CLANG_WARN_OBJC_LITERAL_CONVERSION = YES;
				CLANG_WARN_OBJC_ROOT_CLASS = YES_ERROR;
				CLANG_WARN_QUOTED_INCLUDE_IN_FRAMEWORK_HEADER = YES;
				CLANG_WARN_RANGE_LOOP_ANALYSIS = YES;
				CLANG_WARN_STRICT_PROTOTYPES = YES;
				CLANG_WARN_SUSPICIOUS_MOVE = YES;
				CLANG_WARN_UNGUARDED_AVAILABILITY = YES_AGGRESSIVE;
				CLANG_WARN_UNREACHABLE_CODE = YES;
				CLANG_WARN__DUPLICATE_METHOD_MATCH = YES;
				COPY_PHASE_STRIP = NO;
				DEBUG_INFORMATION_FORMAT = dwarf;
				ENABLE_STRICT_OBJC_MSGSEND = YES;
				ENABLE_TESTABILITY = YES;
				ENABLE_USER_SCRIPT_SANDBOXING = YES;
				GCC_C_LANGUAGE_STANDARD = gnu17;
				GCC_DYNAMIC_NO_PIC = NO;
				GCC_NO_COMMON_BLOCKS = YES;
				GCC_OPTIMIZATION_LEVEL = 0;
				GCC_PREPROCESSOR_DEFINITIONS = (
					"DEBUG=1",
					"$(inherited)",
				);
				GCC_WARN_64_TO_32_BIT_CONVERSION = YES;
				GCC_WARN_ABOUT_RETURN_TYPE = YES_ERROR;
				GCC_WARN_UNDECLARED_SELECTOR = YES;
				GCC_WARN_UNINITIALIZED_AUTOS = YES_AGGRESSIVE;
				GCC_WARN_UNUSED_FUNCTION = YES;
				GCC_WARN_UNUSED_VARIABLE = YES;
				IPHONEOS_DEPLOYMENT_TARGET = 18.4;
				LOCALIZATION_PREFERS_STRING_CATALOGS = YES;
				MTL_ENABLE_DEBUG_INFO = INCLUDE_SOURCE;
				MTL_FAST_MATH = YES;
				ONLY_ACTIVE_ARCH = YES;
				SDKROOT = iphoneos;
				SWIFT_ACTIVE_COMPILATION_CONDITIONS = "DEBUG $(inherited)";
				SWIFT_OPTIMIZATION_LEVEL = "-Onone";
			};
			name = Debug;
		};
		B06DA9D72DC77B5E00C7577F /* Release */ = {
			isa = XCBuildConfiguration;
			buildSettings = {
				ALWAYS_SEARCH_USER_PATHS = NO;
				ASSETCATALOG_COMPILER_GENERATE_SWIFT_ASSET_SYMBOL_EXTENSIONS = YES;
				CLANG_ANALYZER_NONNULL = YES;
				CLANG_ANALYZER_NUMBER_OBJECT_CONVERSION = YES_AGGRESSIVE;
				CLANG_CXX_LANGUAGE_STANDARD = "gnu++20";
				CLANG_ENABLE_MODULES = YES;
				CLANG_ENABLE_OBJC_ARC = YES;
				CLANG_ENABLE_OBJC_WEAK = YES;
				CLANG_WARN_BLOCK_CAPTURE_AUTORELEASING = YES;
				CLANG_WARN_BOOL_CONVERSION = YES;
				CLANG_WARN_COMMA = YES;
				CLANG_WARN_CONSTANT_CONVERSION = YES;
				CLANG_WARN_DEPRECATED_OBJC_IMPLEMENTATIONS = YES;
				CLANG_WARN_DIRECT_OBJC_ISA_USAGE = YES_ERROR;
				CLANG_WARN_DOCUMENTATION_COMMENTS = YES;
				CLANG_WARN_EMPTY_BODY = YES;
				CLANG_WARN_ENUM_CONVERSION = YES;
				CLANG_WARN_INFINITE_RECURSION = YES;
				CLANG_WARN_INT_CONVERSION = YES;
				CLANG_WARN_NON_LITERAL_NULL_CONVERSION = YES;
				CLANG_WARN_OBJC_IMPLICIT_RETAIN_SELF = YES;
				CLANG_WARN_OBJC_LITERAL_CONVERSION = YES;
				CLANG_WARN_OBJC_ROOT_CLASS = YES_ERROR;
				CLANG_WARN_QUOTED_INCLUDE_IN_FRAMEWORK_HEADER = YES;
				CLANG_WARN_RANGE_LOOP_ANALYSIS = YES;
				CLANG_WARN_STRICT_PROTOTYPES = YES;
				CLANG_WARN_SUSPICIOUS_MOVE = YES;
				CLANG_WARN_UNGUARDED_AVAILABILITY = YES_AGGRESSIVE;
				CLANG_WARN_UNREACHABLE_CODE = YES;
				CLANG_WARN__DUPLICATE_METHOD_MATCH = YES;
				COPY_PHASE_STRIP = NO;
				DEBUG_INFORMATION_FORMAT = "dwarf-with-dsym";
				ENABLE_NS_ASSERTIONS = NO;
				ENABLE_STRICT_OBJC_MSGSEND = YES;
				ENABLE_USER_SCRIPT_SANDBOXING = YES;
				GCC_C_LANGUAGE_STANDARD = gnu17;
				GCC_NO_COMMON_BLOCKS = YES;
				GCC_WARN_64_TO_32_BIT_CONVERSION = YES;
				GCC_WARN_ABOUT_RETURN_TYPE = YES_ERROR;
				GCC_WARN_UNDECLARED_SELECTOR = YES;
				GCC_WARN_UNINITIALIZED_AUTOS = YES_AGGRESSIVE;
				GCC_WARN_UNUSED_FUNCTION = YES;
				GCC_WARN_UNUSED_VARIABLE = YES;
				IPHONEOS_DEPLOYMENT_TARGET = 18.4;
				LOCALIZATION_PREFERS_STRING_CATALOGS = YES;
				MTL_ENABLE_DEBUG_INFO = NO;
				MTL_FAST_MATH = YES;
				SDKROOT = iphoneos;
				SWIFT_COMPILATION_MODE = wholemodule;
				VALIDATE_PRODUCT = YES;
			};
			name = Release;
		};
		B06DA9D92DC77B5E00C7577F /* Debug */ = {
			isa = XCBuildConfiguration;
			buildSettings = {
				ASSETCATALOG_COMPILER_APPICON_NAME = AppIcon;
				ASSETCATALOG_COMPILER_GLOBAL_ACCENT_COLOR_NAME = AccentColor;
				CODE_SIGN_STYLE = Automatic;
				CURRENT_PROJECT_VERSION = 1;
				ENABLE_PREVIEWS = YES;
				GENERATE_INFOPLIST_FILE = YES;
				INFOPLIST_KEY_UIApplicationSceneManifest_Generation = YES;
				INFOPLIST_KEY_UIApplicationSupportsIndirectInputEvents = YES;
				INFOPLIST_KEY_UILaunchScreen_Generation = YES;
				INFOPLIST_KEY_UISupportedInterfaceOrientations_iPad = "UIInterfaceOrientationPortrait UIInterfaceOrientationPortraitUpsideDown UIInterfaceOrientationLandscapeLeft UIInterfaceOrientationLandscapeRight";
				INFOPLIST_KEY_UISupportedInterfaceOrientations_iPhone = "UIInterfaceOrientationPortrait UIInterfaceOrientationLandscapeLeft UIInterfaceOrientationLandscapeRight";
				LD_RUNPATH_SEARCH_PATHS = (
					"$(inherited)",
					"@executable_path/Frameworks",
				);
				MARKETING_VERSION = 1.0;
				PRODUCT_BUNDLE_IDENTIFIER = com.suer.SimpleRecipeApp;
				PRODUCT_NAME = "$(TARGET_NAME)";
				SWIFT_EMIT_LOC_STRINGS = YES;
				SWIFT_VERSION = 5.0;
				TARGETED_DEVICE_FAMILY = "1,2";
			};
			name = Debug;
		};
		B06DA9DA2DC77B5E00C7577F /* Release */ = {
			isa = XCBuildConfiguration;
			buildSettings = {
				ASSETCATALOG_COMPILER_APPICON_NAME = AppIcon;
				ASSETCATALOG_COMPILER_GLOBAL_ACCENT_COLOR_NAME = AccentColor;
				CODE_SIGN_STYLE = Automatic;
				CURRENT_PROJECT_VERSION = 1;
				ENABLE_PREVIEWS = YES;
				GENERATE_INFOPLIST_FILE = YES;
				INFOPLIST_KEY_UIApplicationSceneManifest_Generation = YES;
				INFOPLIST_KEY_UIApplicationSupportsIndirectInputEvents = YES;
				INFOPLIST_KEY_UILaunchScreen_Generation = YES;
				INFOPLIST_KEY_UISupportedInterfaceOrientations_iPad = "UIInterfaceOrientationPortrait UIInterfaceOrientationPortraitUpsideDown UIInterfaceOrientationLandscapeLeft UIInterfaceOrientationLandscapeRight";
				INFOPLIST_KEY_UISupportedInterfaceOrientations_iPhone = "UIInterfaceOrientationPortrait UIInterfaceOrientationLandscapeLeft UIInterfaceOrientationLandscapeRight";
				LD_RUNPATH_SEARCH_PATHS = (
					"$(inherited)",
					"@executable_path/Frameworks",
				);
				MARKETING_VERSION = 1.0;
				PRODUCT_BUNDLE_IDENTIFIER = com.suer.SimpleRecipeApp;
				PRODUCT_NAME = "$(TARGET_NAME)";
				SWIFT_EMIT_LOC_STRINGS = YES;
				SWIFT_VERSION = 5.0;
				TARGETED_DEVICE_FAMILY = "1,2";
			};
			name = Release;
		};
		B06DA9DC2DC77B5E00C7577F /* Debug */ = {
			isa = XCBuildConfiguration;
			buildSettings = {
				BUNDLE_LOADER = "$(TEST_HOST)";
				CODE_SIGN_STYLE = Automatic;
				CURRENT_PROJECT_VERSION = 1;
				GENERATE_INFOPLIST_FILE = YES;
				IPHONEOS_DEPLOYMENT_TARGET = 18.4;
				MARKETING_VERSION = 1.0;
				PRODUCT_BUNDLE_IDENTIFIER = com.suer.SimpleRecipeAppTests;
				PRODUCT_NAME = "$(TARGET_NAME)";
				SWIFT_EMIT_LOC_STRINGS = NO;
				SWIFT_VERSION = 5.0;
				TARGETED_DEVICE_FAMILY = "1,2";
				TEST_HOST = "$(BUILT_PRODUCTS_DIR)/SimpleRecipeApp.app/$(BUNDLE_EXECUTABLE_FOLDER_PATH)/SimpleRecipeApp";
			};
			name = Debug;
		};
		B06DA9DD2DC77B5E00C7577F /* Release */ = {
			isa = XCBuildConfiguration;
			buildSettings = {
				BUNDLE_LOADER = "$(TEST_HOST)";
				CODE_SIGN_STYLE = Automatic;
				CURRENT_PROJECT_VERSION = 1;
				GENERATE_INFOPLIST_FILE = YES;
				IPHONEOS_DEPLOYMENT_TARGET = 18.4;
				MARKETING_VERSION = 1.0;
				PRODUCT_BUNDLE_IDENTIFIER = com.suer.SimpleRecipeAppTests;
				PRODUCT_NAME = "$(TARGET_NAME)";
				SWIFT_EMIT_LOC_STRINGS = NO;
				SWIFT_VERSION = 5.0;
				TARGETED_DEVICE_FAMILY = "1,2";
				TEST_HOST = "$(BUILT_PRODUCTS_DIR)/SimpleRecipeApp.app/$(BUNDLE_EXECUTABLE_FOLDER_PATH)/SimpleRecipeApp";
			};
			name = Release;
		};
		B06DA9DF2DC77B5E00C7577F /* Debug */ = {
			isa = XCBuildConfiguration;
			buildSettings = {
				CODE_SIGN_STYLE = Automatic;
				CURRENT_PROJECT_VERSION = 1;
				GENERATE_INFOPLIST_FILE = YES;
				MARKETING_VERSION = 1.0;
				PRODUCT_BUNDLE_IDENTIFIER = com.suer.SimpleRecipeAppUITests;
				PRODUCT_NAME = "$(TARGET_NAME)";
				SWIFT_EMIT_LOC_STRINGS = NO;
				SWIFT_VERSION = 5.0;
				TARGETED_DEVICE_FAMILY = "1,2";
				TEST_TARGET_NAME = SimpleRecipeApp;
			};
			name = Debug;
		};
		B06DA9E02DC77B5E00C7577F /* Release */ = {
			isa = XCBuildConfiguration;
			buildSettings = {
				CODE_SIGN_STYLE = Automatic;
				CURRENT_PROJECT_VERSION = 1;
				GENERATE_INFOPLIST_FILE = YES;
				MARKETING_VERSION = 1.0;
				PRODUCT_BUNDLE_IDENTIFIER = com.suer.SimpleRecipeAppUITests;
				PRODUCT_NAME = "$(TARGET_NAME)";
				SWIFT_EMIT_LOC_STRINGS = NO;
				SWIFT_VERSION = 5.0;
				TARGETED_DEVICE_FAMILY = "1,2";
				TEST_TARGET_NAME = SimpleRecipeApp;
			};
			name = Release;
		};
/* End XCBuildConfiguration section */

/* Begin XCConfigurationList section */
		B06DA9B22DC77B5C00C7577F /* Build configuration list for PBXProject "SimpleRecipeApp" */ = {
			isa = XCConfigurationList;
			buildConfigurations = (
				B06DA9D62DC77B5E00C7577F /* Debug */,
				B06DA9D72DC77B5E00C7577F /* Release */,
			);
			defaultConfigurationIsVisible = 0;
			defaultConfigurationName = Release;
		};
		B06DA9D82DC77B5E00C7577F /* Build configuration list for PBXNativeTarget "SimpleRecipeApp" */ = {
			isa = XCConfigurationList;
			buildConfigurations = (
				B06DA9D92DC77B5E00C7577F /* Debug */,
				B06DA9DA2DC77B5E00C7577F /* Release */,
			);
			defaultConfigurationIsVisible = 0;
			defaultConfigurationName = Release;
		};
		B06DA9DB2DC77B5E00C7577F /* Build configuration list for PBXNativeTarget "SimpleRecipeAppTests" */ = {
			isa = XCConfigurationList;
			buildConfigurations = (
				B06DA9DC2DC77B5E00C7577F /* Debug */,
				B06DA9DD2DC77B5E00C7577F /* Release */,
			);
			defaultConfigurationIsVisible = 0;
			defaultConfigurationName = Release;
		};
		B06DA9DE2DC77B5E00C7577F /* Build configuration list for PBXNativeTarget "SimpleRecipeAppUITests" */ = {
			isa = XCConfigurationList;
			buildConfigurations = (
				B06DA9DF2DC77B5E00C7577F /* Debug */,
				B06DA9E02DC77B5E00C7577F /* Release */,
			);
			defaultConfigurationIsVisible = 0;
			defaultConfigurationName = Release;
		};
/* End XCConfigurationList section */
	};
	rootObject = B06DA9AF2DC77B5C00C7577F /* Project object */;
}
